{
  "name": "cabledrop",
  "version": "0.1.0",
  "lockfileVersion": 2,
  "requires": true,
  "packages": {
    "": {
      "name": "cabledrop",
      "version": "0.1.0",
      "license": "AGPL-3.0",
      "bin": {
        "cabledrop": "src/cabledrop",
        "cabledropd": "src/cabledropd"
      }
    }
  }
}
